{
  "originHash" : "1f888acff43fd9814f126e12ccb10ec3374f2f88c6a7823c122c4c143dfec66c",
  "pins" : [
    {
      "identity" : "cloudinary_ios",
      "kind" : "remoteSourceControl",
      "location" : "https://github.com/cloudinary/cloudinary_ios",
      "state" : {
        "revision" : "215ea1db05e7f3c0212f3c9ad027cfd52c924545",
        "version" : "5.1.0"
      }
    }
  ],
  "version" : 3
}
